// !$*UTF8*$!
{
	archiveVersion = 1;
	classes = {
	};
	objectVersion = 50;
	objects = {

/* Begin PBXBuildFile section */
		C4D51B55253DB24900D4B4AA /* ComposableArchitectureApp.swift in Sources */ = {isa = PBXBuildFile; fileRef = C4D51B54253DB24900D4B4AA /* ComposableArchitectureApp.swift */; };
		C4D51B57253DB24900D4B4AA /* ContentView.swift in Sources */ = {isa = PBXBuildFile; fileRef = C4D51B56253DB24900D4B4AA /* ContentView.swift */; };
		C4D51B59253DB24B00D4B4AA /* Assets.xcassets in Resources */ = {isa = PBXBuildFile; fileRef = C4D51B58253DB24B00D4B4AA /* Assets.xcassets */; };
		C4D51B5C253DB24B00D4B4AA /* Preview Assets.xcassets in Resources */ = {isa = PBXBuildFile; fileRef = C4D51B5B253DB24B00D4B4AA /* Preview Assets.xcassets */; };
		C4D51B65253DB29200D4B4AA /* Wolfram.swift in Sources */ = {isa = PBXBuildFile; fileRef = C4D51B64253DB29200D4B4AA /* Wolfram.swift */; };
		C4D51B68253DB55F00D4B4AA /* Model.swift in Sources */ = {isa = PBXBuildFile; fileRef = C4D51B67253DB55F00D4B4AA /* Model.swift */; };
		C4D51B6B253DB5F900D4B4AA /* Reducers.swift in Sources */ = {isa = PBXBuildFile; fileRef = C4D51B6A253DB5F900D4B4AA /* Reducers.swift */; };
		C4D51B71253DB72C00D4B4AA /* CounterView.swift in Sources */ = {isa = PBXBuildFile; fileRef = C4D51B70253DB72C00D4B4AA /* CounterView.swift */; };
		C4D51B74253DB7A000D4B4AA /* FavoritePrimesView.swift in Sources */ = {isa = PBXBuildFile; fileRef = C4D51B73253DB7A000D4B4AA /* FavoritePrimesView.swift */; };
		C4D51B77253DB88500D4B4AA /* IsPrimeModalView.swift in Sources */ = {isa = PBXBuildFile; fileRef = C4D51B76253DB88500D4B4AA /* IsPrimeModalView.swift */; };
/* End PBXBuildFile section */

/* Begin PBXFileReference section */
		C4D51B51253DB24900D4B4AA /* ComposableArchitecture.app */ = {isa = PBXFileReference; explicitFileType = wrapper.application; includeInIndex = 0; path = ComposableArchitecture.app; sourceTree = BUILT_PRODUCTS_DIR; };
		C4D51B54253DB24900D4B4AA /* ComposableArchitectureApp.swift */ = {isa = PBXFileReference; lastKnownFileType = sourcecode.swift; path = ComposableArchitectureApp.swift; sourceTree = "<group>"; };
		C4D51B56253DB24900D4B4AA /* ContentView.swift */ = {isa = PBXFileReference; lastKnownFileType = sourcecode.swift; path = ContentView.swift; sourceTree = "<group>"; };
		C4D51B58253DB24B00D4B4AA /* Assets.xcassets */ = {isa = PBXFileReference; lastKnownFileType = folder.assetcatalog; path = Assets.xcassets; sourceTree = "<group>"; };
		C4D51B5B253DB24B00D4B4AA /* Preview Assets.xcassets */ = {isa = PBXFileReference; lastKnownFileType = folder.assetcatalog; path = "Preview Assets.xcassets"; sourceTree = "<group>"; };
		C4D51B5D253DB24B00D4B4AA /* Info.plist */ = {isa = PBXFileReference; lastKnownFileType = text.plist.xml; path = Info.plist; sourceTree = "<group>"; };
		C4D51B64253DB29200D4B4AA /* Wolfram.swift */ = {isa = PBXFileReference; lastKnownFileType = sourcecode.swift; path = Wolfram.swift; sourceTree = "<group>"; };
		C4D51B67253DB55F00D4B4AA /* Model.swift */ = {isa = PBXFileReference; lastKnownFileType = sourcecode.swift; path = Model.swift; sourceTree = "<group>"; };
		C4D51B6A253DB5F900D4B4AA /* Reducers.swift */ = {isa = PBXFileReference; lastKnownFileType = sourcecode.swift; path = Reducers.swift; sourceTree = "<group>"; };
		C4D51B70253DB72C00D4B4AA /* CounterView.swift */ = {isa = PBXFileReference; lastKnownFileType = sourcecode.swift; path = CounterView.swift; sourceTree = "<group>"; };
		C4D51B73253DB7A000D4B4AA /* FavoritePrimesView.swift */ = {isa = PBXFileReference; lastKnownFileType = sourcecode.swift; path = FavoritePrimesView.swift; sourceTree = "<group>"; };
		C4D51B76253DB88500D4B4AA /* IsPrimeModalView.swift */ = {isa = PBXFileReference; lastKnownFileType = sourcecode.swift; path = IsPrimeModalView.swift; sourceTree = "<group>"; };
/* End PBXFileReference section */

/* Begin PBXFrameworksBuildPhase section */
		C4D51B4E253DB24900D4B4AA /* Frameworks */ = {
			isa = PBXFrameworksBuildPhase;
			buildActionMask = 2147483647;
			files = (
			);
			runOnlyForDeploymentPostprocessing = 0;
		};
/* End PBXFrameworksBuildPhase section */

/* Begin PBXGroup section */
		C4D51B48253DB24900D4B4AA = {
			isa = PBXGroup;
			children = (
				C4D51B53253DB24900D4B4AA /* ComposableArchitecture */,
				C4D51B52253DB24900D4B4AA /* Products */,
			);
			sourceTree = "<group>";
		};
		C4D51B52253DB24900D4B4AA /* Products */ = {
			isa = PBXGroup;
			children = (
				C4D51B51253DB24900D4B4AA /* ComposableArchitecture.app */,
			);
			name = Products;
			sourceTree = "<group>";
		};
		C4D51B53253DB24900D4B4AA /* ComposableArchitecture */ = {
			isa = PBXGroup;
			children = (
				C4D51B54253DB24900D4B4AA /* ComposableArchitectureApp.swift */,
				C4D51B64253DB29200D4B4AA /* Wolfram.swift */,
				C4D51B56253DB24900D4B4AA /* ContentView.swift */,
				C4D51B73253DB7A000D4B4AA /* FavoritePrimesView.swift */,
				C4D51B58253DB24B00D4B4AA /* Assets.xcassets */,
				C4D51B5D253DB24B00D4B4AA /* Info.plist */,
				C4D51B5A253DB24B00D4B4AA /* Preview Content */,
				C4D51B67253DB55F00D4B4AA /* Model.swift */,
				C4D51B6A253DB5F900D4B4AA /* Reducers.swift */,
				C4D51B70253DB72C00D4B4AA /* CounterView.swift */,
				C4D51B76253DB88500D4B4AA /* IsPrimeModalView.swift */,
			);
			path = ComposableArchitecture;
			sourceTree = "<group>";
		};
		C4D51B5A253DB24B00D4B4AA /* Preview Content */ = {
			isa = PBXGroup;
			children = (
				C4D51B5B253DB24B00D4B4AA /* Preview Assets.xcassets */,
			);
			path = "Preview Content";
			sourceTree = "<group>";
		};
/* End PBXGroup section */

/* Begin PBXNativeTarget section */
		C4D51B50253DB24900D4B4AA /* ComposableArchitecture */ = {
			isa = PBXNativeTarget;
			buildConfigurationList = C4D51B60253DB24B00D4B4AA /* Build configuration list for PBXNativeTarget "ComposableArchitecture" */;
			buildPhases = (
				C4D51B4D253DB24900D4B4AA /* Sources */,
				C4D51B4E253DB24900D4B4AA /* Frameworks */,
				C4D51B4F253DB24900D4B4AA /* Resources */,
			);
			buildRules = (
			);
			dependencies = (
			);
			name = ComposableArchitecture;
			productName = ComposableArchitecture;
			productReference = C4D51B51253DB24900D4B4AA /* ComposableArchitecture.app */;
			productType = "com.apple.product-type.application";
		};
/* End PBXNativeTarget section */

/* Begin PBXProject section */
		C4D51B49253DB24900D4B4AA /* Project object */ = {
			isa = PBXProject;
			attributes = {
				LastSwiftUpdateCheck = 1200;
				LastUpgradeCheck = 1200;
				TargetAttributes = {
					C4D51B50253DB24900D4B4AA = {
						CreatedOnToolsVersion = 12.0.1;
					};
				};
			};
			buildConfigurationList = C4D51B4C253DB24900D4B4AA /* Build configuration list for PBXProject "ComposableArchitecture" */;
			compatibilityVersion = "Xcode 9.3";
			developmentRegion = en;
			hasScannedForEncodings = 0;
			knownRegions = (
				en,
				Base,
			);
			mainGroup = C4D51B48253DB24900D4B4AA;
			productRefGroup = C4D51B52253DB24900D4B4AA /* Products */;
			projectDirPath = "";
			projectRoot = "";
			targets = (
				C4D51B50253DB24900D4B4AA /* ComposableArchitecture */,
			);
		};
/* End PBXProject section */

/* Begin PBXResourcesBuildPhase section */
		C4D51B4F253DB24900D4B4AA /* Resources */ = {
			isa = PBXResourcesBuildPhase;
			buildActionMask = 2147483647;
			files = (
				C4D51B5C253DB24B00D4B4AA /* Preview Assets.xcassets in Resources */,
				C4D51B59253DB24B00D4B4AA /* Assets.xcassets in Resources */,
			);
			runOnlyForDeploymentPostprocessing = 0;
		};
/* End PBXResourcesBuildPhase section */

/* Begin PBXSourcesBuildPhase section */
		C4D51B4D253DB24900D4B4AA /* Sources */ = {
			isa = PBXSourcesBuildPhase;
			buildActionMask = 2147483647;
			files = (
				C4D51B65253DB29200D4B4AA /* Wolfram.swift in Sources */,
				C4D51B77253DB88500D4B4AA /* IsPrimeModalView.swift in Sources */,
				C4D51B6B253DB5F900D4B4AA /* Reducers.swift in Sources */,
				C4D51B57253DB24900D4B4AA /* ContentView.swift in Sources */,
				C4D51B71253DB72C00D4B4AA /* CounterView.swift in Sources */,
				C4D51B55253DB24900D4B4AA /* ComposableArchitectureApp.swift in Sources */,
				C4D51B68253DB55F00D4B4AA /* Model.swift in Sources */,
				C4D51B74253DB7A000D4B4AA /* FavoritePrimesView.swift in Sources */,
			);
			runOnlyForDeploymentPostprocessing = 0;
		};
/* End PBXSourcesBuildPhase section */

/* Begin XCBuildConfiguration section */
		C4D51B5E253DB24B00D4B4AA /* Debug */ = {
			isa = XCBuildConfiguration;
			buildSettings = {
				ALWAYS_SEARCH_USER_PATHS = NO;
				CLANG_ANALYZER_NONNULL = YES;
				CLANG_ANALYZER_NUMBER_OBJECT_CONVERSION = YES_AGGRESSIVE;
				CLANG_CXX_LANGUAGE_STANDARD = "gnu++14";
				CLANG_CXX_LIBRARY = "libc++";
				CLANG_ENABLE_MODULES = YES;
				CLANG_ENABLE_OBJC_ARC = YES;
				CLANG_ENABLE_OBJC_WEAK = YES;
				CLANG_WARN_BLOCK_CAPTURE_AUTORELEASING = YES;
				CLANG_WARN_BOOL_CONVERSION = YES;
				CLANG_WARN_COMMA = YES;
				CLANG_WARN_CONSTANT_CONVERSION = YES;
				CLANG_WARN_DEPRECATED_OBJC_IMPLEMENTATIONS = YES;
				CLANG_WARN_DIRECT_OBJC_ISA_USAGE = YES_ERROR;
				CLANG_WARN_DOCUMENTATION_COMMENTS = YES;
				CLANG_WARN_EMPTY_BODY = YES;
				CLANG_WARN_ENUM_CONVERSION = YES;
				CLANG_WARN_INFINITE_RECURSION = YES;
				CLANG_WARN_INT_CONVERSION = YES;
				CLANG_WARN_NON_LITERAL_NULL_CONVERSION = YES;
				CLANG_WARN_OBJC_IMPLICIT_RETAIN_SELF = YES;
				CLANG_WARN_OBJC_LITERAL_CONVERSION = YES;
				CLANG_WARN_OBJC_ROOT_CLASS = YES_ERROR;
				CLANG_WARN_QUOTED_INCLUDE_IN_FRAMEWORK_HEADER = YES;
				CLANG_WARN_RANGE_LOOP_ANALYSIS = YES;
				CLANG_WARN_STRICT_PROTOTYPES = YES;
				CLANG_WARN_SUSPICIOUS_MOVE = YES;
				CLANG_WARN_UNGUARDED_AVAILABILITY = YES_AGGRESSIVE;
				CLANG_WARN_UNREACHABLE_CODE = YES;
				CLANG_WARN__DUPLICATE_METHOD_MATCH = YES;
				COPY_PHASE_STRIP = NO;
				DEBUG_INFORMATION_FORMAT = dwarf;
				ENABLE_STRICT_OBJC_MSGSEND = YES;
				ENABLE_TESTABILITY = YES;
				GCC_C_LANGUAGE_STANDARD = gnu11;
				GCC_DYNAMIC_NO_PIC = NO;
				GCC_NO_COMMON_BLOCKS = YES;
				GCC_OPTIMIZATION_LEVEL = 0;
				GCC_PREPROCESSOR_DEFINITIONS = (
					"DEBUG=1",
					"$(inherited)",
				);
				GCC_WARN_64_TO_32_BIT_CONVERSION = YES;
				GCC_WARN_ABOUT_RETURN_TYPE = YES_ERROR;
				GCC_WARN_UNDECLARED_SELECTOR = YES;
				GCC_WARN_UNINITIALIZED_AUTOS = YES_AGGRESSIVE;
				GCC_WARN_UNUSED_FUNCTION = YES;
				GCC_WARN_UNUSED_VARIABLE = YES;
				IPHONEOS_DEPLOYMENT_TARGET = 14.0;
				MTL_ENABLE_DEBUG_INFO = INCLUDE_SOURCE;
				MTL_FAST_MATH = YES;
				ONLY_ACTIVE_ARCH = YES;
				SDKROOT = iphoneos;
				SWIFT_ACTIVE_COMPILATION_CONDITIONS = DEBUG;
				SWIFT_OPTIMIZATION_LEVEL = "-Onone";
			};
			name = Debug;
		};
		C4D51B5F253DB24B00D4B4AA /* Release */ = {
			isa = XCBuildConfiguration;
			buildSettings = {
				ALWAYS_SEARCH_USER_PATHS = NO;
				CLANG_ANALYZER_NONNULL = YES;
				CLANG_ANALYZER_NUMBER_OBJECT_CONVERSION = YES_AGGRESSIVE;
				CLANG_CXX_LANGUAGE_STANDARD = "gnu++14";
				CLANG_CXX_LIBRARY = "libc++";
				CLANG_ENABLE_MODULES = YES;
				CLANG_ENABLE_OBJC_ARC = YES;
				CLANG_ENABLE_OBJC_WEAK = YES;
				CLANG_WARN_BLOCK_CAPTURE_AUTORELEASING = YES;
				CLANG_WARN_BOOL_CONVERSION = YES;
				CLANG_WARN_COMMA = YES;
				CLANG_WARN_CONSTANT_CONVERSION = YES;
				CLANG_WARN_DEPRECATED_OBJC_IMPLEMENTATIONS = YES;
				CLANG_WARN_DIRECT_OBJC_ISA_USAGE = YES_ERROR;
				CLANG_WARN_DOCUMENTATION_COMMENTS = YES;
				CLANG_WARN_EMPTY_BODY = YES;
				CLANG_WARN_ENUM_CONVERSION = YES;
				CLANG_WARN_INFINITE_RECURSION = YES;
				CLANG_WARN_INT_CONVERSION = YES;
				CLANG_WARN_NON_LITERAL_NULL_CONVERSION = YES;
				CLANG_WARN_OBJC_IMPLICIT_RETAIN_SELF = YES;
				CLANG_WARN_OBJC_LITERAL_CONVERSION = YES;
				CLANG_WARN_OBJC_ROOT_CLASS = YES_ERROR;
				CLANG_WARN_QUOTED_INCLUDE_IN_FRAMEWORK_HEADER = YES;
				CLANG_WARN_RANGE_LOOP_ANALYSIS = YES;
				CLANG_WARN_STRICT_PROTOTYPES = YES;
				CLANG_WARN_SUSPICIOUS_MOVE = YES;
				CLANG_WARN_UNGUARDED_AVAILABILITY = YES_AGGRESSIVE;
				CLANG_WARN_UNREACHABLE_CODE = YES;
				CLANG_WARN__DUPLICATE_METHOD_MATCH = YES;
				COPY_PHASE_STRIP = NO;
				DEBUG_INFORMATION_FORMAT = "dwarf-with-dsym";
				ENABLE_NS_ASSERTIONS = NO;
				ENABLE_STRICT_OBJC_MSGSEND = YES;
				GCC_C_LANGUAGE_STANDARD = gnu11;
				GCC_NO_COMMON_BLOCKS = YES;
				GCC_WARN_64_TO_32_BIT_CONVERSION = YES;
				GCC_WARN_ABOUT_RETURN_TYPE = YES_ERROR;
				GCC_WARN_UNDECLARED_SELECTOR = YES;
				GCC_WARN_UNINITIALIZED_AUTOS = YES_AGGRESSIVE;
				GCC_WARN_UNUSED_FUNCTION = YES;
				GCC_WARN_UNUSED_VARIABLE = YES;
				IPHONEOS_DEPLOYMENT_TARGET = 14.0;
				MTL_ENABLE_DEBUG_INFO = NO;
				MTL_FAST_MATH = YES;
				SDKROOT = iphoneos;
				SWIFT_COMPILATION_MODE = wholemodule;
				SWIFT_OPTIMIZATION_LEVEL = "-O";
				VALIDATE_PRODUCT = YES;
			};
			name = Release;
		};
		C4D51B61253DB24B00D4B4AA /* Debug */ = {
			isa = XCBuildConfiguration;
			buildSettings = {
				ASSETCATALOG_COMPILER_APPICON_NAME = AppIcon;
				ASSETCATALOG_COMPILER_GLOBAL_ACCENT_COLOR_NAME = AccentColor;
				CODE_SIGN_STYLE = Automatic;
				DEVELOPMENT_ASSET_PATHS = "\"ComposableArchitecture/Preview Content\"";
				DEVELOPMENT_TEAM = N3UAW24N2E;
				ENABLE_PREVIEWS = YES;
				INFOPLIST_FILE = ComposableArchitecture/Info.plist;
				IPHONEOS_DEPLOYMENT_TARGET = 14.0;
				LD_RUNPATH_SEARCH_PATHS = (
					"$(inherited)",
					"@executable_path/Frameworks",
				);
				PRODUCT_BUNDLE_IDENTIFIER = com.skofic.ComposableArchitecture;
				PRODUCT_NAME = "$(TARGET_NAME)";
				SWIFT_VERSION = 5.0;
				TARGETED_DEVICE_FAMILY = "1,2";
			};
			name = Debug;
		};
		C4D51B62253DB24B00D4B4AA /* Release */ = {
			isa = XCBuildConfiguration;
			buildSettings = {
				ASSETCATALOG_COMPILER_APPICON_NAME = AppIcon;
				ASSETCATALOG_COMPILER_GLOBAL_ACCENT_COLOR_NAME = AccentColor;
				CODE_SIGN_STYLE = Automatic;
				DEVELOPMENT_ASSET_PATHS = "\"ComposableArchitecture/Preview Content\"";
				DEVELOPMENT_TEAM = N3UAW24N2E;
				ENABLE_PREVIEWS = YES;
				INFOPLIST_FILE = ComposableArchitecture/Info.plist;
				IPHONEOS_DEPLOYMENT_TARGET = 14.0;
				LD_RUNPATH_SEARCH_PATHS = (
					"$(inherited)",
					"@executable_path/Frameworks",
				);
				PRODUCT_BUNDLE_IDENTIFIER = com.skofic.ComposableArchitecture;
				PRODUCT_NAME = "$(TARGET_NAME)";
				SWIFT_VERSION = 5.0;
				TARGETED_DEVICE_FAMILY = "1,2";
			};
			name = Release;
		};
/* End XCBuildConfiguration section */

/* Begin XCConfigurationList section */
		C4D51B4C253DB24900D4B4AA /* Build configuration list for PBXProject "ComposableArchitecture" */ = {
			isa = XCConfigurationList;
			buildConfigurations = (
				C4D51B5E253DB24B00D4B4AA /* Debug */,
				C4D51B5F253DB24B00D4B4AA /* Release */,
			);
			defaultConfigurationIsVisible = 0;
			defaultConfigurationName = Release;
		};
		C4D51B60253DB24B00D4B4AA /* Build configuration list for PBXNativeTarget "ComposableArchitecture" */ = {
			isa = XCConfigurationList;
			buildConfigurations = (
				C4D51B61253DB24B00D4B4AA /* Debug */,
				C4D51B62253DB24B00D4B4AA /* Release */,
			);
			defaultConfigurationIsVisible = 0;
			defaultConfigurationName = Release;
		};
/* End XCConfigurationList section */
	};
	rootObject = C4D51B49253DB24900D4B4AA /* Project object */;
}
